{
  "requires": true,
  "lockfileVersion": 1,
  "dependencies": {
    "alert-node": {
      "version": "1.2.2",
      "resolved": "https://registry.npmjs.org/alert-node/-/alert-node-1.2.2.tgz",
      "integrity": "sha512-qKQ2WFk7zZfEPCluLECOXCjS7T5mLkeKat16u4Ua2J4ONGGC/wg5eAHbNArrAj7qGfkzh2TXbYhqENNbtClo9Q=="
    },
    "colors": {
      "version": "1.3.2",
      "resolved": "https://registry.npmjs.org/colors/-/colors-1.3.2.tgz",
      "integrity": "sha512-rhP0JSBGYvpcNQj4s5AdShMeE5ahMop96cTeDl/v9qQQm2fYClE2QXZRi8wLzc+GmXSxdIqqbOIAhyObEXDbfQ=="
    },
    "crypto-js": {
      "version": "3.1.9-1",
      "resolved": "https://registry.npmjs.org/crypto-js/-/crypto-js-3.1.9-1.tgz",
      "integrity": "sha1-/aGedh/Ad+Af+/3G6f38WeiAbNg="
    }
  }
}
